
Microsoft Visual Studio Solution File, Format Version 12.00
# Visual Studio Version 17
VisualStudioVersion = 17.11.35312.102
MinimumVisualStudioVersion = 10.0.40219.1
Project("{FAE04EC0-301F-11D3-BF4B-00C04F79EFBC}") = "CLienter", "CLienter.csproj", "{2AF5581B-D1FD-46EB-9E9C-6B4D04B0A915}"
EndProject
Project("{FAE04EC0-301F-11D3-BF4B-00C04F79EFBC}") = "Server", "..\Server\Server.csproj", "{B355DEF0-9D30-45BD-82C2-0C95552C1315}"
EndProject
Global
	GlobalSection(SolutionConfigurationPlatforms) = preSolution
		Debug|Any CPU = Debug|Any CPU
		Release|Any CPU = Release|Any CPU
	EndGlobalSection
	GlobalSection(ProjectConfigurationPlatforms) = postSolution
		{2AF5581B-D1FD-46EB-9E9C-6B4D04B0A915}.Debug|Any CPU.ActiveCfg = Debug|Any CPU
		{2AF5581B-D1FD-46EB-9E9C-6B4D04B0A915}.Debug|Any CPU.Build.0 = Debug|Any CPU
		{2AF5581B-D1FD-46EB-9E9C-6B4D04B0A915}.Release|Any CPU.ActiveCfg = Release|Any CPU
		{2AF5581B-D1FD-46EB-9E9C-6B4D04B0A915}.Release|Any CPU.Build.0 = Release|Any CPU
		{B355DEF0-9D30-45BD-82C2-0C95552C1315}.Debug|Any CPU.ActiveCfg = Debug|Any CPU
		{B355DEF0-9D30-45BD-82C2-0C95552C1315}.Debug|Any CPU.Build.0 = Debug|Any CPU
		{B355DEF0-9D30-45BD-82C2-0C95552C1315}.Release|Any CPU.ActiveCfg = Release|Any CPU
		{B355DEF0-9D30-45BD-82C2-0C95552C1315}.Release|Any CPU.Build.0 = Release|Any CPU
	EndGlobalSection
	GlobalSection(SolutionProperties) = preSolution
		HideSolutionNode = FALSE
	EndGlobalSection
	GlobalSection(ExtensibilityGlobals) = postSolution
		SolutionGuid = {FEE0BD5A-C191-4343-8676-48BA51646178}
	EndGlobalSection
EndGlobal
